
Microsoft Visual Studio Solution File, Format Version 12.00
# Visual Studio 15
Project("{FAE04EC0-301F-11D3-BF4B-00C04F79EFBC}") = "Assembly-CSharp", "Assembly-CSharp.csproj", "{D395C848-8149-9007-1E5A-7390138B1B02}"
EndProject
Global
	GlobalSection(SolutionConfigurationPlatforms) = preSolution
		Debug|Any CPU = Debug|Any CPU
		Release|Any CPU = Release|Any CPU
	EndGlobalSection
	GlobalSection(ProjectConfigurationPlatforms) = postSolution
		{D395C848-8149-9007-1E5A-7390138B1B02}.Debug|Any CPU.ActiveCfg = Debug|Any CPU
		{D395C848-8149-9007-1E5A-7390138B1B02}.Debug|Any CPU.Build.0 = Debug|Any CPU
		{D395C848-8149-9007-1E5A-7390138B1B02}.Release|Any CPU.ActiveCfg = Release|Any CPU
		{D395C848-8149-9007-1E5A-7390138B1B02}.Release|Any CPU.Build.0 = Release|Any CPU
	EndGlobalSection
	GlobalSection(SolutionProperties) = preSolution
		HideSolutionNode = FALSE
	EndGlobalSection
EndGlobal
